
Microsoft Visual Studio Solution File, Format Version 11.00
# Visual Studio 2010
Project("{F184B08F-C81C-45F6-A57F-5ABD9991F28F}") = "PJTOLUDO.GAMES", "PJTOLUDO.GAMES\PJTOLUDO.GAMES.vbproj", "{CE76E619-4BA9-4EA8-8707-B8AE54827841}"
EndProject
Global
	GlobalSection(SolutionConfigurationPlatforms) = preSolution
		Debug|Any CPU = Debug|Any CPU
		Release|Any CPU = Release|Any CPU
	EndGlobalSection
	GlobalSection(ProjectConfigurationPlatforms) = postSolution
		{CE76E619-4BA9-4EA8-8707-B8AE54827841}.Debug|Any CPU.ActiveCfg = Debug|Any CPU
		{CE76E619-4BA9-4EA8-8707-B8AE54827841}.Debug|Any CPU.Build.0 = Debug|Any CPU
		{CE76E619-4BA9-4EA8-8707-B8AE54827841}.Release|Any CPU.ActiveCfg = Release|Any CPU
		{CE76E619-4BA9-4EA8-8707-B8AE54827841}.Release|Any CPU.Build.0 = Release|Any CPU
	EndGlobalSection
	GlobalSection(SolutionProperties) = preSolution
		HideSolutionNode = FALSE
	EndGlobalSection
EndGlobal
